
Microsoft Visual Studio Solution File, Format Version 12.00
# Visual Studio Version 17
VisualStudioVersion = 17.11.35312.102
MinimumVisualStudioVersion = 10.0.40219.1
Project("{FAE04EC0-301F-11D3-BF4B-00C04F79EFBC}") = "Dental Clinic Project-presentationalLayer", "Dental Clinic Project-presentationalLayer.csproj", "{ACDD440A-F77D-4A9B-83C6-E00B27B57778}"
EndProject
Project("{FAE04EC0-301F-11D3-BF4B-00C04F79EFBC}") = "DentalClinic-BussinessLayer", "..\DentalClinic-BussinessLayer\DentalClinic-BussinessLayer.csproj", "{C869320A-0D58-4084-A523-614159D5CFE7}"
EndProject
Project("{FAE04EC0-301F-11D3-BF4B-00C04F79EFBC}") = "DentalClinic-DataAccessLayer", "..\DentalClinic-DataAccessLayer\DentalClinic-DataAccessLayer.csproj", "{BFC4BB4D-095A-4FE1-9921-39E2BD27C159}"
EndProject
Global
	GlobalSection(SolutionConfigurationPlatforms) = preSolution
		Debug|Any CPU = Debug|Any CPU
		Release|Any CPU = Release|Any CPU
	EndGlobalSection
	GlobalSection(ProjectConfigurationPlatforms) = postSolution
		{ACDD440A-F77D-4A9B-83C6-E00B27B57778}.Debug|Any CPU.ActiveCfg = Debug|Any CPU
		{ACDD440A-F77D-4A9B-83C6-E00B27B57778}.Debug|Any CPU.Build.0 = Debug|Any CPU
		{ACDD440A-F77D-4A9B-83C6-E00B27B57778}.Release|Any CPU.ActiveCfg = Release|Any CPU
		{ACDD440A-F77D-4A9B-83C6-E00B27B57778}.Release|Any CPU.Build.0 = Release|Any CPU
		{C869320A-0D58-4084-A523-614159D5CFE7}.Debug|Any CPU.ActiveCfg = Debug|Any CPU
		{C869320A-0D58-4084-A523-614159D5CFE7}.Debug|Any CPU.Build.0 = Debug|Any CPU
		{C869320A-0D58-4084-A523-614159D5CFE7}.Release|Any CPU.ActiveCfg = Release|Any CPU
		{C869320A-0D58-4084-A523-614159D5CFE7}.Release|Any CPU.Build.0 = Release|Any CPU
		{BFC4BB4D-095A-4FE1-9921-39E2BD27C159}.Debug|Any CPU.ActiveCfg = Debug|Any CPU
		{BFC4BB4D-095A-4FE1-9921-39E2BD27C159}.Debug|Any CPU.Build.0 = Debug|Any CPU
		{BFC4BB4D-095A-4FE1-9921-39E2BD27C159}.Release|Any CPU.ActiveCfg = Release|Any CPU
		{BFC4BB4D-095A-4FE1-9921-39E2BD27C159}.Release|Any CPU.Build.0 = Release|Any CPU
	EndGlobalSection
	GlobalSection(SolutionProperties) = preSolution
		HideSolutionNode = FALSE
	EndGlobalSection
	GlobalSection(ExtensibilityGlobals) = postSolution
		SolutionGuid = {2236C1C0-DADD-4827-BFDA-86C990D2DE72}
	EndGlobalSection
EndGlobal
